
Microsoft Visual Studio Solution File, Format Version 12.00
# Visual Studio Version 17
VisualStudioVersion = 17.3.32922.545
MinimumVisualStudioVersion = 10.0.40219.1
Project("{9A19103F-16F7-4668-BE54-9A1E7A4F7556}") = "TeaShop", "TeaShop\TeaShop.csproj", "{ADDC0FEA-4FC8-42A8-9D07-A5000767A559}"
EndProject
Global
	GlobalSection(SolutionConfigurationPlatforms) = preSolution
		Debug|Any CPU = Debug|Any CPU
		Release|Any CPU = Release|Any CPU
	EndGlobalSection
	GlobalSection(ProjectConfigurationPlatforms) = postSolution
		{ADDC0FEA-4FC8-42A8-9D07-A5000767A559}.Debug|Any CPU.ActiveCfg = Debug|Any CPU
		{ADDC0FEA-4FC8-42A8-9D07-A5000767A559}.Debug|Any CPU.Build.0 = Debug|Any CPU
		{ADDC0FEA-4FC8-42A8-9D07-A5000767A559}.Release|Any CPU.ActiveCfg = Release|Any CPU
		{ADDC0FEA-4FC8-42A8-9D07-A5000767A559}.Release|Any CPU.Build.0 = Release|Any CPU
	EndGlobalSection
	GlobalSection(SolutionProperties) = preSolution
		HideSolutionNode = FALSE
	EndGlobalSection
	GlobalSection(ExtensibilityGlobals) = postSolution
		SolutionGuid = {250E6988-3FD8-4BFA-A61D-5A04A10F0C25}
	EndGlobalSection
EndGlobal
